
Microsoft Visual Studio Solution File, Format Version 12.00
# Visual Studio Version 16
VisualStudioVersion = 16.0.30517.126
MinimumVisualStudioVersion = 10.0.40219.1
Project("{FAE04EC0-301F-11D3-BF4B-00C04F79EFBC}") = "APPDEV.FPT", "APPDEV.FPT\APPDEV.FPT.csproj", "{6ED2B2C6-1E81-44BA-9537-1C4EE1B634B4}"
EndProject
Global
	GlobalSection(SolutionConfigurationPlatforms) = preSolution
		Debug|Any CPU = Debug|Any CPU
		Release|Any CPU = Release|Any CPU
	EndGlobalSection
	GlobalSection(ProjectConfigurationPlatforms) = postSolution
		{6ED2B2C6-1E81-44BA-9537-1C4EE1B634B4}.Debug|Any CPU.ActiveCfg = Debug|Any CPU
		{6ED2B2C6-1E81-44BA-9537-1C4EE1B634B4}.Debug|Any CPU.Build.0 = Debug|Any CPU
		{6ED2B2C6-1E81-44BA-9537-1C4EE1B634B4}.Release|Any CPU.ActiveCfg = Release|Any CPU
		{6ED2B2C6-1E81-44BA-9537-1C4EE1B634B4}.Release|Any CPU.Build.0 = Release|Any CPU
	EndGlobalSection
	GlobalSection(SolutionProperties) = preSolution
		HideSolutionNode = FALSE
	EndGlobalSection
	GlobalSection(ExtensibilityGlobals) = postSolution
		SolutionGuid = {10ED7C49-E08B-4359-9AAC-2BA1524CAD1A}
	EndGlobalSection
EndGlobal
